
Microsoft Visual Studio Solution File, Format Version 12.00
# Visual Studio 14
VisualStudioVersion = 14.0.22823.1
MinimumVisualStudioVersion = 10.0.40219.1
Project("{F184B08F-C81C-45F6-A57F-5ABD9991F28F}") = "Vaporizer-vb", "Vaporizer-vb\Vaporizer-vb.vbproj", "{217DA4A8-E137-4DC7-9A1E-6146899459D2}"
EndProject
Global
	GlobalSection(SolutionConfigurationPlatforms) = preSolution
		Debug|Any CPU = Debug|Any CPU
		Release|Any CPU = Release|Any CPU
	EndGlobalSection
	GlobalSection(ProjectConfigurationPlatforms) = postSolution
		{217DA4A8-E137-4DC7-9A1E-6146899459D2}.Debug|Any CPU.ActiveCfg = Debug|Any CPU
		{217DA4A8-E137-4DC7-9A1E-6146899459D2}.Debug|Any CPU.Build.0 = Debug|Any CPU
		{217DA4A8-E137-4DC7-9A1E-6146899459D2}.Release|Any CPU.ActiveCfg = Release|Any CPU
		{217DA4A8-E137-4DC7-9A1E-6146899459D2}.Release|Any CPU.Build.0 = Release|Any CPU
	EndGlobalSection
	GlobalSection(SolutionProperties) = preSolution
		HideSolutionNode = FALSE
	EndGlobalSection
EndGlobal
